PODS:
  - ObjectMapper (2.2.8)
  - Realm (2.9.1):
    - Realm/Headers (= 2.9.1)
  - Realm/Headers (2.9.1)
  - RealmSwift (2.9.1):
    - Realm (= 2.9.1)
  - SwiftLint (0.17.0)

DEPENDENCIES:
  - ObjectMapper (~> 2.2)
  - RealmSwift (~> 2.2)
  - SwiftLint (~> 0.17.0)

SPEC CHECKSUMS:
  ObjectMapper: 3d571bb5af471c779e1160828cd9ad5c4ef90958
  Realm: f91fb43bd474c4f731a116ebf7392c75dd015920
  RealmSwift: 207f12a4a36b696c5183c60a1c06d70234a23e56
  SwiftLint: 9fb1dd71d5952d130f8c2fb60ae2e1475cf5d575

PODFILE CHECKSUM: e7e1ab7679d7ad0cdf51d0c8d4a3127251222eb0

COCOAPODS: 1.2.1
